
Microsoft Visual Studio Solution File, Format Version 12.00
# Visual Studio Version 16
VisualStudioVersion = 16.0.30611.23
MinimumVisualStudioVersion = 10.0.40219.1
Project("{FAE04EC0-301F-11D3-BF4B-00C04F79EFBC}") = "PassingObjects", "PassingObjects\PassingObjects.csproj", "{067400DF-C246-4902-B39C-2E99E6815DB0}"
EndProject
Global
	GlobalSection(SolutionConfigurationPlatforms) = preSolution
		Debug|Any CPU = Debug|Any CPU
		Release|Any CPU = Release|Any CPU
	EndGlobalSection
	GlobalSection(ProjectConfigurationPlatforms) = postSolution
		{067400DF-C246-4902-B39C-2E99E6815DB0}.Debug|Any CPU.ActiveCfg = Debug|Any CPU
		{067400DF-C246-4902-B39C-2E99E6815DB0}.Debug|Any CPU.Build.0 = Debug|Any CPU
		{067400DF-C246-4902-B39C-2E99E6815DB0}.Release|Any CPU.ActiveCfg = Release|Any CPU
		{067400DF-C246-4902-B39C-2E99E6815DB0}.Release|Any CPU.Build.0 = Release|Any CPU
	EndGlobalSection
	GlobalSection(SolutionProperties) = preSolution
		HideSolutionNode = FALSE
	EndGlobalSection
	GlobalSection(ExtensibilityGlobals) = postSolution
		SolutionGuid = {53A32B06-FBD0-4187-9A6D-5BE29A9EAE42}
	EndGlobalSection
EndGlobal
